
Microsoft Visual Studio Solution File, Format Version 12.00
# Visual Studio 15
Project("{FAE04EC0-301F-11D3-BF4B-00C04F79EFBC}") = "DanmakU", "DanmakU.csproj", "{D1253C39-0B5A-D402-D99D-AF91E0D47881}"
EndProject
Project("{FAE04EC0-301F-11D3-BF4B-00C04F79EFBC}") = "Assembly-CSharp", "Assembly-CSharp.csproj", "{DAAA81F6-61D8-9AD8-59A3-9ABEA16BAE7A}"
EndProject
Project("{FAE04EC0-301F-11D3-BF4B-00C04F79EFBC}") = "Assembly-CSharp-Editor", "Assembly-CSharp-Editor.csproj", "{C5F30F7E-95E0-2448-D4C3-4228CBDA54F5}"
EndProject
Global
	GlobalSection(SolutionConfigurationPlatforms) = preSolution
		Debug|Any CPU = Debug|Any CPU
		Release|Any CPU = Release|Any CPU
	EndGlobalSection
	GlobalSection(ProjectConfigurationPlatforms) = postSolution
		{D1253C39-0B5A-D402-D99D-AF91E0D47881}.Debug|Any CPU.ActiveCfg = Debug|Any CPU
		{D1253C39-0B5A-D402-D99D-AF91E0D47881}.Debug|Any CPU.Build.0 = Debug|Any CPU
		{D1253C39-0B5A-D402-D99D-AF91E0D47881}.Release|Any CPU.ActiveCfg = Release|Any CPU
		{D1253C39-0B5A-D402-D99D-AF91E0D47881}.Release|Any CPU.Build.0 = Release|Any CPU
		{DAAA81F6-61D8-9AD8-59A3-9ABEA16BAE7A}.Debug|Any CPU.ActiveCfg = Debug|Any CPU
		{DAAA81F6-61D8-9AD8-59A3-9ABEA16BAE7A}.Debug|Any CPU.Build.0 = Debug|Any CPU
		{DAAA81F6-61D8-9AD8-59A3-9ABEA16BAE7A}.Release|Any CPU.ActiveCfg = Release|Any CPU
		{DAAA81F6-61D8-9AD8-59A3-9ABEA16BAE7A}.Release|Any CPU.Build.0 = Release|Any CPU
		{C5F30F7E-95E0-2448-D4C3-4228CBDA54F5}.Debug|Any CPU.ActiveCfg = Debug|Any CPU
		{C5F30F7E-95E0-2448-D4C3-4228CBDA54F5}.Debug|Any CPU.Build.0 = Debug|Any CPU
		{C5F30F7E-95E0-2448-D4C3-4228CBDA54F5}.Release|Any CPU.ActiveCfg = Release|Any CPU
		{C5F30F7E-95E0-2448-D4C3-4228CBDA54F5}.Release|Any CPU.Build.0 = Release|Any CPU
	EndGlobalSection
	GlobalSection(SolutionProperties) = preSolution
		HideSolutionNode = FALSE
	EndGlobalSection
EndGlobal
